{
  "name": "termination",
  "version": "0.1.0",
  "lockfileVersion": 1,
  "requires": true,
  "dependencies": {
    "rescript": {
      "version": "9.1.1",
      "resolved": "https://registry.npmjs.org/rescript/-/rescript-9.1.1.tgz",
      "integrity": "sha512-c+zR5aZ5mXDpAx6oyS61t4sUPiq2VXgHigilYSMazDLp1uUGbf2JvgbSfRJFaKAjfsTKcohJyH0vtdihhdZmMA==",
      "dev": true
    }
  }
}
