{
  "name": "termination",
  "version": "0.1.0",
  "lockfileVersion": 1,
  "requires": true,
  "dependencies": {
    "bs-platform": {
      "version": "8.1.1",
      "resolved": "https://registry.npmjs.org/bs-platform/-/bs-platform-8.1.1.tgz",
      "integrity": "sha512-33wDWYteJQIhEfEpayvXK8eS2TdMtzQHFZMoMjDEY+NB2vTKWQFGoggOrJ4c7fvRzvQ2igwmc7idrxgMz39Qog==",
      "dev": true
    }
  }
}
