{
  "name": "termination",
  "version": "0.1.0",
  "lockfileVersion": 1,
  "requires": true,
  "dependencies": {
    "bs-platform": {
      "version": "8.3.1",
      "resolved": "https://registry.npmjs.org/bs-platform/-/bs-platform-8.3.1.tgz",
      "integrity": "sha512-U7nKEGF1BfvODzcv1g2loeltE8YRCgX8mMlCojImsgI0HwfQKEq7ggO5dF1ae9ZfFxiLaI0069ZyoK5GLBO2OQ==",
      "dev": true
    }
  }
}
